
Microsoft Visual Studio Solution File, Format Version 11.00
# Visual Studio 2010
VisualStudioVersion = 12.0.21005.1
MinimumVisualStudioVersion = 10.0.40219.1
Project("{FAE04EC0-301F-11D3-BF4B-00C04F79EFBC}") = "CreepRateApp", "CreepRateApp\CreepRateApp.csproj", "{C72D2D51-3A61-4F00-AB37-8EB214712C0C}"
EndProject
Global
	GlobalSection(SolutionConfigurationPlatforms) = preSolution
		Debug|Any CPU = Debug|Any CPU
		Debug|x86 = Debug|x86
		Release|Any CPU = Release|Any CPU
		Release|x86 = Release|x86
	EndGlobalSection
	GlobalSection(ProjectConfigurationPlatforms) = postSolution
		{C72D2D51-3A61-4F00-AB37-8EB214712C0C}.Debug|Any CPU.ActiveCfg = Debug|Any CPU
		{C72D2D51-3A61-4F00-AB37-8EB214712C0C}.Debug|Any CPU.Build.0 = Debug|Any CPU
		{C72D2D51-3A61-4F00-AB37-8EB214712C0C}.Debug|x86.ActiveCfg = Debug|x86
		{C72D2D51-3A61-4F00-AB37-8EB214712C0C}.Debug|x86.Build.0 = Debug|x86
		{C72D2D51-3A61-4F00-AB37-8EB214712C0C}.Release|Any CPU.ActiveCfg = Release|Any CPU
		{C72D2D51-3A61-4F00-AB37-8EB214712C0C}.Release|Any CPU.Build.0 = Release|Any CPU
		{C72D2D51-3A61-4F00-AB37-8EB214712C0C}.Release|x86.ActiveCfg = Release|x86
		{C72D2D51-3A61-4F00-AB37-8EB214712C0C}.Release|x86.Build.0 = Release|x86
	EndGlobalSection
	GlobalSection(SolutionProperties) = preSolution
		HideSolutionNode = FALSE
	EndGlobalSection
	GlobalSection(ExtensibilityGlobals) = postSolution
		SolutionGuid = {08F5A41B-F9F4-4192-94F7-260147E380FE}
	EndGlobalSection
EndGlobal
